
Microsoft Visual Studio Solution File, Format Version 12.00
# Visual Studio Version 17
VisualStudioVersion = 17.0.31919.166
MinimumVisualStudioVersion = 10.0.40219.1
Project("{FAE04EC0-301F-11D3-BF4B-00C04F79EFBC}") = "DepuracionyControlErrores", "DepuracionyControlErrores\DepuracionyControlErrores.csproj", "{81BA3A29-A27D-4D91-A62D-355D0BB441AC}"
EndProject
Global
	GlobalSection(SolutionConfigurationPlatforms) = preSolution
		Debug|Any CPU = Debug|Any CPU
		Release|Any CPU = Release|Any CPU
	EndGlobalSection
	GlobalSection(ProjectConfigurationPlatforms) = postSolution
		{81BA3A29-A27D-4D91-A62D-355D0BB441AC}.Debug|Any CPU.ActiveCfg = Debug|Any CPU
		{81BA3A29-A27D-4D91-A62D-355D0BB441AC}.Debug|Any CPU.Build.0 = Debug|Any CPU
		{81BA3A29-A27D-4D91-A62D-355D0BB441AC}.Release|Any CPU.ActiveCfg = Release|Any CPU
		{81BA3A29-A27D-4D91-A62D-355D0BB441AC}.Release|Any CPU.Build.0 = Release|Any CPU
	EndGlobalSection
	GlobalSection(SolutionProperties) = preSolution
		HideSolutionNode = FALSE
	EndGlobalSection
	GlobalSection(ExtensibilityGlobals) = postSolution
		SolutionGuid = {5941C96D-5331-4B47-AFF7-C9B1DCC6766F}
	EndGlobalSection
EndGlobal
